
Microsoft Visual Studio Solution File, Format Version 12.00
# Visual Studio Version 17
VisualStudioVersion = 17.0.32014.148
MinimumVisualStudioVersion = 10.0.40219.1
Project("{FAE04EC0-301F-11D3-BF4B-00C04F79EFBC}") = "Group_3_BE", "Group_3_BE\Group_3_BE.csproj", "{4607DFF3-C690-4AEF-9E0C-08A228A252DD}"
EndProject
Global
	GlobalSection(SolutionConfigurationPlatforms) = preSolution
		Debug|Any CPU = Debug|Any CPU
		Release|Any CPU = Release|Any CPU
	EndGlobalSection
	GlobalSection(ProjectConfigurationPlatforms) = postSolution
		{4607DFF3-C690-4AEF-9E0C-08A228A252DD}.Debug|Any CPU.ActiveCfg = Debug|Any CPU
		{4607DFF3-C690-4AEF-9E0C-08A228A252DD}.Debug|Any CPU.Build.0 = Debug|Any CPU
		{4607DFF3-C690-4AEF-9E0C-08A228A252DD}.Release|Any CPU.ActiveCfg = Release|Any CPU
		{4607DFF3-C690-4AEF-9E0C-08A228A252DD}.Release|Any CPU.Build.0 = Release|Any CPU
	EndGlobalSection
	GlobalSection(SolutionProperties) = preSolution
		HideSolutionNode = FALSE
	EndGlobalSection
	GlobalSection(ExtensibilityGlobals) = postSolution
		SolutionGuid = {89E6926F-B50D-458D-9F71-27711DDA1203}
	EndGlobalSection
EndGlobal
